// !$*UTF8*$!
{
	archiveVersion = 1;
	classes = {
	};
	objectVersion = 51;
	objects = {

/* Begin PBXBuildFile section */
		498AEE690B742550250E63D1 /* Pods_PlatziTweets.framework in Frameworks */ = {isa = PBXBuildFile; fileRef = 9A3EDC2E71211BB3A494C053 /* Pods_PlatziTweets.framework */; };
		B826A6D0268CD2050004E7BA /* Welcome.storyboard in Resources */ = {isa = PBXBuildFile; fileRef = B826A6CF268CD2050004E7BA /* Welcome.storyboard */; };
		B826A6D2268CDF990004E7BA /* WelcomeViewController.swift in Sources */ = {isa = PBXBuildFile; fileRef = B826A6D1268CDF990004E7BA /* WelcomeViewController.swift */; };
		B826A6D4268CE0270004E7BA /* LoginViewController.swift in Sources */ = {isa = PBXBuildFile; fileRef = B826A6D3268CE0270004E7BA /* LoginViewController.swift */; };
		B826A6D6268CE0300004E7BA /* RegisterViewController.swift in Sources */ = {isa = PBXBuildFile; fileRef = B826A6D5268CE0300004E7BA /* RegisterViewController.swift */; };
		B82E35D1268E2E9C009C07BC /* LoginResponse.swift in Sources */ = {isa = PBXBuildFile; fileRef = B82E35D0268E2E9C009C07BC /* LoginResponse.swift */; };
		B82E35D3268E2F0E009C07BC /* User.swift in Sources */ = {isa = PBXBuildFile; fileRef = B82E35D2268E2F0E009C07BC /* User.swift */; };
		B82E35D5268E2F48009C07BC /* ErrorResponse.swift in Sources */ = {isa = PBXBuildFile; fileRef = B82E35D4268E2F48009C07BC /* ErrorResponse.swift */; };
		B82E35D7268E2F7C009C07BC /* GeneralResponse.swift in Sources */ = {isa = PBXBuildFile; fileRef = B82E35D6268E2F7C009C07BC /* GeneralResponse.swift */; };
		B82E35D9268E2FC1009C07BC /* RegisterRequest.swift in Sources */ = {isa = PBXBuildFile; fileRef = B82E35D8268E2FC1009C07BC /* RegisterRequest.swift */; };
		B82E35DB268E2FCB009C07BC /* PostRequest.swift in Sources */ = {isa = PBXBuildFile; fileRef = B82E35DA268E2FCB009C07BC /* PostRequest.swift */; };
		B82E35DD268E2FE3009C07BC /* PostRequestLocation.swift in Sources */ = {isa = PBXBuildFile; fileRef = B82E35DC268E2FE3009C07BC /* PostRequestLocation.swift */; };
		B82E35DF268E2FEE009C07BC /* LoginRequest.swift in Sources */ = {isa = PBXBuildFile; fileRef = B82E35DE268E2FEE009C07BC /* LoginRequest.swift */; };
		B82E35E1268E3009009C07BC /* Post.swift in Sources */ = {isa = PBXBuildFile; fileRef = B82E35E0268E3009009C07BC /* Post.swift */; };
		B82E35E3268E301E009C07BC /* PostLocation.swift in Sources */ = {isa = PBXBuildFile; fileRef = B82E35E2268E301E009C07BC /* PostLocation.swift */; };
		B82E35E5268E339E009C07BC /* EndPoints.swift in Sources */ = {isa = PBXBuildFile; fileRef = B82E35E4268E339E009C07BC /* EndPoints.swift */; };
		B82E35E9268E3F05009C07BC /* HomeViewController.swift in Sources */ = {isa = PBXBuildFile; fileRef = B82E35E8268E3F05009C07BC /* HomeViewController.swift */; };
		B82E35ED268E4BB9009C07BC /* TweetTableViewCell.swift in Sources */ = {isa = PBXBuildFile; fileRef = B82E35EB268E4BB9009C07BC /* TweetTableViewCell.swift */; };
		B82E35EE268E4BB9009C07BC /* TweetTableViewCell.xib in Resources */ = {isa = PBXBuildFile; fileRef = B82E35EC268E4BB9009C07BC /* TweetTableViewCell.xib */; };
		B8428C3D268C1A7D006FEE12 /* AppDelegate.swift in Sources */ = {isa = PBXBuildFile; fileRef = B8428C3C268C1A7D006FEE12 /* AppDelegate.swift */; };
		B8428C41268C1A7D006FEE12 /* ViewController.swift in Sources */ = {isa = PBXBuildFile; fileRef = B8428C40268C1A7D006FEE12 /* ViewController.swift */; };
		B8428C46268C1A7E006FEE12 /* Assets.xcassets in Resources */ = {isa = PBXBuildFile; fileRef = B8428C45268C1A7E006FEE12 /* Assets.xcassets */; };
		B8428C49268C1A7E006FEE12 /* LaunchScreen.storyboard in Resources */ = {isa = PBXBuildFile; fileRef = B8428C47268C1A7E006FEE12 /* LaunchScreen.storyboard */; };
		B85075B3268D801500AE5DF6 /* Home.storyboard in Resources */ = {isa = PBXBuildFile; fileRef = B85075B2268D801500AE5DF6 /* Home.storyboard */; };
/* End PBXBuildFile section */

/* Begin PBXFileReference section */
		07A99E97136252EC5D53B441 /* Pods-PlatziTweets.debug.xcconfig */ = {isa = PBXFileReference; includeInIndex = 1; lastKnownFileType = text.xcconfig; name = "Pods-PlatziTweets.debug.xcconfig"; path = "Target Support Files/Pods-PlatziTweets/Pods-PlatziTweets.debug.xcconfig"; sourceTree = "<group>"; };
		50067B6CAD79E75CEEFFBAB2 /* Pods-PlatziTweets.release.xcconfig */ = {isa = PBXFileReference; includeInIndex = 1; lastKnownFileType = text.xcconfig; name = "Pods-PlatziTweets.release.xcconfig"; path = "Target Support Files/Pods-PlatziTweets/Pods-PlatziTweets.release.xcconfig"; sourceTree = "<group>"; };
		9A3EDC2E71211BB3A494C053 /* Pods_PlatziTweets.framework */ = {isa = PBXFileReference; explicitFileType = wrapper.framework; includeInIndex = 0; path = Pods_PlatziTweets.framework; sourceTree = BUILT_PRODUCTS_DIR; };
		B826A6CF268CD2050004E7BA /* Welcome.storyboard */ = {isa = PBXFileReference; lastKnownFileType = file.storyboard; path = Welcome.storyboard; sourceTree = "<group>"; };
		B826A6D1268CDF990004E7BA /* WelcomeViewController.swift */ = {isa = PBXFileReference; lastKnownFileType = sourcecode.swift; path = WelcomeViewController.swift; sourceTree = "<group>"; };
		B826A6D3268CE0270004E7BA /* LoginViewController.swift */ = {isa = PBXFileReference; lastKnownFileType = sourcecode.swift; path = LoginViewController.swift; sourceTree = "<group>"; };
		B826A6D5268CE0300004E7BA /* RegisterViewController.swift */ = {isa = PBXFileReference; lastKnownFileType = sourcecode.swift; path = RegisterViewController.swift; sourceTree = "<group>"; };
		B82E35D0268E2E9C009C07BC /* LoginResponse.swift */ = {isa = PBXFileReference; lastKnownFileType = sourcecode.swift; path = LoginResponse.swift; sourceTree = "<group>"; };
		B82E35D2268E2F0E009C07BC /* User.swift */ = {isa = PBXFileReference; lastKnownFileType = sourcecode.swift; path = User.swift; sourceTree = "<group>"; };
		B82E35D4268E2F48009C07BC /* ErrorResponse.swift */ = {isa = PBXFileReference; lastKnownFileType = sourcecode.swift; path = ErrorResponse.swift; sourceTree = "<group>"; };
		B82E35D6268E2F7C009C07BC /* GeneralResponse.swift */ = {isa = PBXFileReference; lastKnownFileType = sourcecode.swift; path = GeneralResponse.swift; sourceTree = "<group>"; };
		B82E35D8268E2FC1009C07BC /* RegisterRequest.swift */ = {isa = PBXFileReference; lastKnownFileType = sourcecode.swift; path = RegisterRequest.swift; sourceTree = "<group>"; };
		B82E35DA268E2FCB009C07BC /* PostRequest.swift */ = {isa = PBXFileReference; lastKnownFileType = sourcecode.swift; path = PostRequest.swift; sourceTree = "<group>"; };
		B82E35DC268E2FE3009C07BC /* PostRequestLocation.swift */ = {isa = PBXFileReference; lastKnownFileType = sourcecode.swift; path = PostRequestLocation.swift; sourceTree = "<group>"; };
		B82E35DE268E2FEE009C07BC /* LoginRequest.swift */ = {isa = PBXFileReference; lastKnownFileType = sourcecode.swift; path = LoginRequest.swift; sourceTree = "<group>"; };
		B82E35E0268E3009009C07BC /* Post.swift */ = {isa = PBXFileReference; lastKnownFileType = sourcecode.swift; path = Post.swift; sourceTree = "<group>"; };
		B82E35E2268E301E009C07BC /* PostLocation.swift */ = {isa = PBXFileReference; lastKnownFileType = sourcecode.swift; path = PostLocation.swift; sourceTree = "<group>"; };
		B82E35E4268E339E009C07BC /* EndPoints.swift */ = {isa = PBXFileReference; lastKnownFileType = sourcecode.swift; path = EndPoints.swift; sourceTree = "<group>"; };
		B82E35E8268E3F05009C07BC /* HomeViewController.swift */ = {isa = PBXFileReference; lastKnownFileType = sourcecode.swift; path = HomeViewController.swift; sourceTree = "<group>"; };
		B82E35EB268E4BB9009C07BC /* TweetTableViewCell.swift */ = {isa = PBXFileReference; lastKnownFileType = sourcecode.swift; path = TweetTableViewCell.swift; sourceTree = "<group>"; };
		B82E35EC268E4BB9009C07BC /* TweetTableViewCell.xib */ = {isa = PBXFileReference; lastKnownFileType = file.xib; path = TweetTableViewCell.xib; sourceTree = "<group>"; };
		B8428C39268C1A7D006FEE12 /* PlatziTweets.app */ = {isa = PBXFileReference; explicitFileType = wrapper.application; includeInIndex = 0; path = PlatziTweets.app; sourceTree = BUILT_PRODUCTS_DIR; };
		B8428C3C268C1A7D006FEE12 /* AppDelegate.swift */ = {isa = PBXFileReference; lastKnownFileType = sourcecode.swift; path = AppDelegate.swift; sourceTree = "<group>"; };
		B8428C40268C1A7D006FEE12 /* ViewController.swift */ = {isa = PBXFileReference; lastKnownFileType = sourcecode.swift; path = ViewController.swift; sourceTree = "<group>"; };
		B8428C45268C1A7E006FEE12 /* Assets.xcassets */ = {isa = PBXFileReference; lastKnownFileType = folder.assetcatalog; path = Assets.xcassets; sourceTree = "<group>"; };
		B8428C48268C1A7E006FEE12 /* Base */ = {isa = PBXFileReference; lastKnownFileType = file.storyboard; name = Base; path = Base.lproj/LaunchScreen.storyboard; sourceTree = "<group>"; };
		B8428C4A268C1A7E006FEE12 /* Info.plist */ = {isa = PBXFileReference; lastKnownFileType = text.plist.xml; path = Info.plist; sourceTree = "<group>"; };
		B85075B2268D801500AE5DF6 /* Home.storyboard */ = {isa = PBXFileReference; lastKnownFileType = file.storyboard; path = Home.storyboard; sourceTree = "<group>"; };
/* End PBXFileReference section */

/* Begin PBXFrameworksBuildPhase section */
		B8428C36268C1A7D006FEE12 /* Frameworks */ = {
			isa = PBXFrameworksBuildPhase;
			buildActionMask = 2147483647;
			files = (
				498AEE690B742550250E63D1 /* Pods_PlatziTweets.framework in Frameworks */,
			);
			runOnlyForDeploymentPostprocessing = 0;
		};
/* End PBXFrameworksBuildPhase section */

/* Begin PBXGroup section */
		105930164590D7E530E4F118 /* Frameworks */ = {
			isa = PBXGroup;
			children = (
				9A3EDC2E71211BB3A494C053 /* Pods_PlatziTweets.framework */,
			);
			name = Frameworks;
			sourceTree = "<group>";
		};
		99737DC3219B0A5807A70E83 /* Pods */ = {
			isa = PBXGroup;
			children = (
				07A99E97136252EC5D53B441 /* Pods-PlatziTweets.debug.xcconfig */,
				50067B6CAD79E75CEEFFBAB2 /* Pods-PlatziTweets.release.xcconfig */,
			);
			path = Pods;
			sourceTree = "<group>";
		};
		B826A6CB268CD1830004E7BA /* Commons */ = {
			isa = PBXGroup;
			children = (
				B82E35CD268E2E49009C07BC /* Models */,
				B8428C3C268C1A7D006FEE12 /* AppDelegate.swift */,
				B8428C40268C1A7D006FEE12 /* ViewController.swift */,
				B8428C45268C1A7E006FEE12 /* Assets.xcassets */,
				B8428C47268C1A7E006FEE12 /* LaunchScreen.storyboard */,
				B82E35E4268E339E009C07BC /* EndPoints.swift */,
			);
			path = Commons;
			sourceTree = "<group>";
		};
		B826A6CC268CD18B0004E7BA /* Modules */ = {
			isa = PBXGroup;
			children = (
				B85075B1268D800700AE5DF6 /* Home */,
				B826A6CE268CD1E10004E7BA /* Welcome */,
			);
			path = Modules;
			sourceTree = "<group>";
		};
		B826A6CE268CD1E10004E7BA /* Welcome */ = {
			isa = PBXGroup;
			children = (
				B826A6CF268CD2050004E7BA /* Welcome.storyboard */,
				B826A6D1268CDF990004E7BA /* WelcomeViewController.swift */,
				B826A6D3268CE0270004E7BA /* LoginViewController.swift */,
				B826A6D5268CE0300004E7BA /* RegisterViewController.swift */,
			);
			path = Welcome;
			sourceTree = "<group>";
		};
		B82E35CD268E2E49009C07BC /* Models */ = {
			isa = PBXGroup;
			children = (
				B82E35CF268E2E5D009C07BC /* Requests */,
				B82E35CE268E2E52009C07BC /* Responses */,
				B82E35D2268E2F0E009C07BC /* User.swift */,
				B82E35E0268E3009009C07BC /* Post.swift */,
				B82E35E2268E301E009C07BC /* PostLocation.swift */,
			);
			path = Models;
			sourceTree = "<group>";
		};
		B82E35CE268E2E52009C07BC /* Responses */ = {
			isa = PBXGroup;
			children = (
				B82E35D0268E2E9C009C07BC /* LoginResponse.swift */,
				B82E35D4268E2F48009C07BC /* ErrorResponse.swift */,
				B82E35D6268E2F7C009C07BC /* GeneralResponse.swift */,
			);
			path = Responses;
			sourceTree = "<group>";
		};
		B82E35CF268E2E5D009C07BC /* Requests */ = {
			isa = PBXGroup;
			children = (
				B82E35D8268E2FC1009C07BC /* RegisterRequest.swift */,
				B82E35DA268E2FCB009C07BC /* PostRequest.swift */,
				B82E35DC268E2FE3009C07BC /* PostRequestLocation.swift */,
				B82E35DE268E2FEE009C07BC /* LoginRequest.swift */,
			);
			path = Requests;
			sourceTree = "<group>";
		};
		B82E35EA268E4BA0009C07BC /* Cells */ = {
			isa = PBXGroup;
			children = (
				B82E35EB268E4BB9009C07BC /* TweetTableViewCell.swift */,
				B82E35EC268E4BB9009C07BC /* TweetTableViewCell.xib */,
			);
			path = Cells;
			sourceTree = "<group>";
		};
		B8428C30268C1A7C006FEE12 = {
			isa = PBXGroup;
			children = (
				B8428C3B268C1A7D006FEE12 /* PlatziTweets */,
				B8428C3A268C1A7D006FEE12 /* Products */,
				99737DC3219B0A5807A70E83 /* Pods */,
				105930164590D7E530E4F118 /* Frameworks */,
			);
			sourceTree = "<group>";
		};
		B8428C3A268C1A7D006FEE12 /* Products */ = {
			isa = PBXGroup;
			children = (
				B8428C39268C1A7D006FEE12 /* PlatziTweets.app */,
			);
			name = Products;
			sourceTree = "<group>";
		};
		B8428C3B268C1A7D006FEE12 /* PlatziTweets */ = {
			isa = PBXGroup;
			children = (
				B826A6CC268CD18B0004E7BA /* Modules */,
				B826A6CB268CD1830004E7BA /* Commons */,
				B8428C4A268C1A7E006FEE12 /* Info.plist */,
			);
			path = PlatziTweets;
			sourceTree = "<group>";
		};
		B85075B1268D800700AE5DF6 /* Home */ = {
			isa = PBXGroup;
			children = (
				B82E35EA268E4BA0009C07BC /* Cells */,
				B85075B2268D801500AE5DF6 /* Home.storyboard */,
				B82E35E8268E3F05009C07BC /* HomeViewController.swift */,
			);
			path = Home;
			sourceTree = "<group>";
		};
/* End PBXGroup section */

/* Begin PBXNativeTarget section */
		B8428C38268C1A7D006FEE12 /* PlatziTweets */ = {
			isa = PBXNativeTarget;
			buildConfigurationList = B8428C4D268C1A7E006FEE12 /* Build configuration list for PBXNativeTarget "PlatziTweets" */;
			buildPhases = (
				AAA8DC53D9F238C13FD1B546 /* [CP] Check Pods Manifest.lock */,
				B8428C35268C1A7D006FEE12 /* Sources */,
				B8428C36268C1A7D006FEE12 /* Frameworks */,
				B8428C37268C1A7D006FEE12 /* Resources */,
				003A04E096ECF24229422A7C /* [CP] Embed Pods Frameworks */,
			);
			buildRules = (
			);
			dependencies = (
			);
			name = PlatziTweets;
			productName = PlatziTweets;
			productReference = B8428C39268C1A7D006FEE12 /* PlatziTweets.app */;
			productType = "com.apple.product-type.application";
		};
/* End PBXNativeTarget section */

/* Begin PBXProject section */
		B8428C31268C1A7C006FEE12 /* Project object */ = {
			isa = PBXProject;
			attributes = {
				LastSwiftUpdateCheck = 1250;
				LastUpgradeCheck = 1250;
				TargetAttributes = {
					B8428C38268C1A7D006FEE12 = {
						CreatedOnToolsVersion = 12.5.1;
					};
				};
			};
			buildConfigurationList = B8428C34268C1A7C006FEE12 /* Build configuration list for PBXProject "PlatziTweets" */;
			compatibilityVersion = "Xcode 9.3";
			developmentRegion = en;
			hasScannedForEncodings = 0;
			knownRegions = (
				en,
				Base,
			);
			mainGroup = B8428C30268C1A7C006FEE12;
			productRefGroup = B8428C3A268C1A7D006FEE12 /* Products */;
			projectDirPath = "";
			projectRoot = "";
			targets = (
				B8428C38268C1A7D006FEE12 /* PlatziTweets */,
			);
		};
/* End PBXProject section */

/* Begin PBXResourcesBuildPhase section */
		B8428C37268C1A7D006FEE12 /* Resources */ = {
			isa = PBXResourcesBuildPhase;
			buildActionMask = 2147483647;
			files = (
				B82E35EE268E4BB9009C07BC /* TweetTableViewCell.xib in Resources */,
				B8428C49268C1A7E006FEE12 /* LaunchScreen.storyboard in Resources */,
				B8428C46268C1A7E006FEE12 /* Assets.xcassets in Resources */,
				B826A6D0268CD2050004E7BA /* Welcome.storyboard in Resources */,
				B85075B3268D801500AE5DF6 /* Home.storyboard in Resources */,
			);
			runOnlyForDeploymentPostprocessing = 0;
		};
/* End PBXResourcesBuildPhase section */

/* Begin PBXShellScriptBuildPhase section */
		003A04E096ECF24229422A7C /* [CP] Embed Pods Frameworks */ = {
			isa = PBXShellScriptBuildPhase;
			buildActionMask = 2147483647;
			files = (
			);
			inputFileListPaths = (
				"${PODS_ROOT}/Target Support Files/Pods-PlatziTweets/Pods-PlatziTweets-frameworks-${CONFIGURATION}-input-files.xcfilelist",
			);
			name = "[CP] Embed Pods Frameworks";
			outputFileListPaths = (
				"${PODS_ROOT}/Target Support Files/Pods-PlatziTweets/Pods-PlatziTweets-frameworks-${CONFIGURATION}-output-files.xcfilelist",
			);
			runOnlyForDeploymentPostprocessing = 0;
			shellPath = /bin/sh;
			shellScript = "\"${PODS_ROOT}/Target Support Files/Pods-PlatziTweets/Pods-PlatziTweets-frameworks.sh\"\n";
			showEnvVarsInLog = 0;
		};
		AAA8DC53D9F238C13FD1B546 /* [CP] Check Pods Manifest.lock */ = {
			isa = PBXShellScriptBuildPhase;
			buildActionMask = 2147483647;
			files = (
			);
			inputFileListPaths = (
			);
			inputPaths = (
				"${PODS_PODFILE_DIR_PATH}/Podfile.lock",
				"${PODS_ROOT}/Manifest.lock",
			);
			name = "[CP] Check Pods Manifest.lock";
			outputFileListPaths = (
			);
			outputPaths = (
				"$(DERIVED_FILE_DIR)/Pods-PlatziTweets-checkManifestLockResult.txt",
			);
			runOnlyForDeploymentPostprocessing = 0;
			shellPath = /bin/sh;
			shellScript = "diff \"${PODS_PODFILE_DIR_PATH}/Podfile.lock\" \"${PODS_ROOT}/Manifest.lock\" > /dev/null\nif [ $? != 0 ] ; then\n    # print error to STDERR\n    echo \"error: The sandbox is not in sync with the Podfile.lock. Run 'pod install' or update your CocoaPods installation.\" >&2\n    exit 1\nfi\n# This output is used by Xcode 'outputs' to avoid re-running this script phase.\necho \"SUCCESS\" > \"${SCRIPT_OUTPUT_FILE_0}\"\n";
			showEnvVarsInLog = 0;
		};
/* End PBXShellScriptBuildPhase section */

/* Begin PBXSourcesBuildPhase section */
		B8428C35268C1A7D006FEE12 /* Sources */ = {
			isa = PBXSourcesBuildPhase;
			buildActionMask = 2147483647;
			files = (
				B82E35DD268E2FE3009C07BC /* PostRequestLocation.swift in Sources */,
				B82E35DF268E2FEE009C07BC /* LoginRequest.swift in Sources */,
				B826A6D4268CE0270004E7BA /* LoginViewController.swift in Sources */,
				B82E35E9268E3F05009C07BC /* HomeViewController.swift in Sources */,
				B82E35DB268E2FCB009C07BC /* PostRequest.swift in Sources */,
				B82E35D7268E2F7C009C07BC /* GeneralResponse.swift in Sources */,
				B82E35E1268E3009009C07BC /* Post.swift in Sources */,
				B82E35D9268E2FC1009C07BC /* RegisterRequest.swift in Sources */,
				B826A6D6268CE0300004E7BA /* RegisterViewController.swift in Sources */,
				B82E35D1268E2E9C009C07BC /* LoginResponse.swift in Sources */,
				B826A6D2268CDF990004E7BA /* WelcomeViewController.swift in Sources */,
				B82E35ED268E4BB9009C07BC /* TweetTableViewCell.swift in Sources */,
				B8428C41268C1A7D006FEE12 /* ViewController.swift in Sources */,
				B82E35E3268E301E009C07BC /* PostLocation.swift in Sources */,
				B8428C3D268C1A7D006FEE12 /* AppDelegate.swift in Sources */,
				B82E35D3268E2F0E009C07BC /* User.swift in Sources */,
				B82E35E5268E339E009C07BC /* EndPoints.swift in Sources */,
				B82E35D5268E2F48009C07BC /* ErrorResponse.swift in Sources */,
			);
			runOnlyForDeploymentPostprocessing = 0;
		};
/* End PBXSourcesBuildPhase section */

/* Begin PBXVariantGroup section */
		B8428C47268C1A7E006FEE12 /* LaunchScreen.storyboard */ = {
			isa = PBXVariantGroup;
			children = (
				B8428C48268C1A7E006FEE12 /* Base */,
			);
			name = LaunchScreen.storyboard;
			sourceTree = "<group>";
		};
/* End PBXVariantGroup section */

/* Begin XCBuildConfiguration section */
		B8428C4B268C1A7E006FEE12 /* Debug */ = {
			isa = XCBuildConfiguration;
			buildSettings = {
				ALWAYS_SEARCH_USER_PATHS = NO;
				CLANG_ANALYZER_NONNULL = YES;
				CLANG_ANALYZER_NUMBER_OBJECT_CONVERSION = YES_AGGRESSIVE;
				CLANG_CXX_LANGUAGE_STANDARD = "gnu++14";
				CLANG_CXX_LIBRARY = "libc++";
				CLANG_ENABLE_MODULES = YES;
				CLANG_ENABLE_OBJC_ARC = YES;
				CLANG_ENABLE_OBJC_WEAK = YES;
				CLANG_WARN_BLOCK_CAPTURE_AUTORELEASING = YES;
				CLANG_WARN_BOOL_CONVERSION = YES;
				CLANG_WARN_COMMA = YES;
				CLANG_WARN_CONSTANT_CONVERSION = YES;
				CLANG_WARN_DEPRECATED_OBJC_IMPLEMENTATIONS = YES;
				CLANG_WARN_DIRECT_OBJC_ISA_USAGE = YES_ERROR;
				CLANG_WARN_DOCUMENTATION_COMMENTS = YES;
				CLANG_WARN_EMPTY_BODY = YES;
				CLANG_WARN_ENUM_CONVERSION = YES;
				CLANG_WARN_INFINITE_RECURSION = YES;
				CLANG_WARN_INT_CONVERSION = YES;
				CLANG_WARN_NON_LITERAL_NULL_CONVERSION = YES;
				CLANG_WARN_OBJC_IMPLICIT_RETAIN_SELF = YES;
				CLANG_WARN_OBJC_LITERAL_CONVERSION = YES;
				CLANG_WARN_OBJC_ROOT_CLASS = YES_ERROR;
				CLANG_WARN_QUOTED_INCLUDE_IN_FRAMEWORK_HEADER = NO;
				CLANG_WARN_RANGE_LOOP_ANALYSIS = YES;
				CLANG_WARN_STRICT_PROTOTYPES = YES;
				CLANG_WARN_SUSPICIOUS_MOVE = YES;
				CLANG_WARN_UNGUARDED_AVAILABILITY = YES_AGGRESSIVE;
				CLANG_WARN_UNREACHABLE_CODE = YES;
				CLANG_WARN__DUPLICATE_METHOD_MATCH = YES;
				COPY_PHASE_STRIP = NO;
				DEBUG_INFORMATION_FORMAT = dwarf;
				ENABLE_STRICT_OBJC_MSGSEND = YES;
				ENABLE_TESTABILITY = YES;
				"EXCLUDED_ARCHS[sdk=iphonesimulator*]" = arm64;
				GCC_C_LANGUAGE_STANDARD = gnu11;
				GCC_DYNAMIC_NO_PIC = NO;
				GCC_NO_COMMON_BLOCKS = YES;
				GCC_OPTIMIZATION_LEVEL = 0;
				GCC_PREPROCESSOR_DEFINITIONS = (
					"DEBUG=1",
					"$(inherited)",
				);
				GCC_WARN_64_TO_32_BIT_CONVERSION = YES;
				GCC_WARN_ABOUT_RETURN_TYPE = YES_ERROR;
				GCC_WARN_UNDECLARED_SELECTOR = YES;
				GCC_WARN_UNINITIALIZED_AUTOS = YES_AGGRESSIVE;
				GCC_WARN_UNUSED_FUNCTION = YES;
				GCC_WARN_UNUSED_VARIABLE = YES;
				IPHONEOS_DEPLOYMENT_TARGET = 14.5;
				MTL_ENABLE_DEBUG_INFO = INCLUDE_SOURCE;
				MTL_FAST_MATH = YES;
				ONLY_ACTIVE_ARCH = YES;
				SDKROOT = iphoneos;
				SWIFT_ACTIVE_COMPILATION_CONDITIONS = DEBUG;
				SWIFT_OPTIMIZATION_LEVEL = "-Onone";
			};
			name = Debug;
		};
		B8428C4C268C1A7E006FEE12 /* Release */ = {
			isa = XCBuildConfiguration;
			buildSettings = {
				ALWAYS_SEARCH_USER_PATHS = NO;
				CLANG_ANALYZER_NONNULL = YES;
				CLANG_ANALYZER_NUMBER_OBJECT_CONVERSION = YES_AGGRESSIVE;
				CLANG_CXX_LANGUAGE_STANDARD = "gnu++14";
				CLANG_CXX_LIBRARY = "libc++";
				CLANG_ENABLE_MODULES = YES;
				CLANG_ENABLE_OBJC_ARC = YES;
				CLANG_ENABLE_OBJC_WEAK = YES;
				CLANG_WARN_BLOCK_CAPTURE_AUTORELEASING = YES;
				CLANG_WARN_BOOL_CONVERSION = YES;
				CLANG_WARN_COMMA = YES;
				CLANG_WARN_CONSTANT_CONVERSION = YES;
				CLANG_WARN_DEPRECATED_OBJC_IMPLEMENTATIONS = YES;
				CLANG_WARN_DIRECT_OBJC_ISA_USAGE = YES_ERROR;
				CLANG_WARN_DOCUMENTATION_COMMENTS = YES;
				CLANG_WARN_EMPTY_BODY = YES;
				CLANG_WARN_ENUM_CONVERSION = YES;
				CLANG_WARN_INFINITE_RECURSION = YES;
				CLANG_WARN_INT_CONVERSION = YES;
				CLANG_WARN_NON_LITERAL_NULL_CONVERSION = YES;
				CLANG_WARN_OBJC_IMPLICIT_RETAIN_SELF = YES;
				CLANG_WARN_OBJC_LITERAL_CONVERSION = YES;
				CLANG_WARN_OBJC_ROOT_CLASS = YES_ERROR;
				CLANG_WARN_QUOTED_INCLUDE_IN_FRAMEWORK_HEADER = NO;
				CLANG_WARN_RANGE_LOOP_ANALYSIS = YES;
				CLANG_WARN_STRICT_PROTOTYPES = YES;
				CLANG_WARN_SUSPICIOUS_MOVE = YES;
				CLANG_WARN_UNGUARDED_AVAILABILITY = YES_AGGRESSIVE;
				CLANG_WARN_UNREACHABLE_CODE = YES;
				CLANG_WARN__DUPLICATE_METHOD_MATCH = YES;
				COPY_PHASE_STRIP = NO;
				DEBUG_INFORMATION_FORMAT = "dwarf-with-dsym";
				ENABLE_NS_ASSERTIONS = NO;
				ENABLE_STRICT_OBJC_MSGSEND = YES;
				"EXCLUDED_ARCHS[sdk=iphonesimulator*]" = arm64;
				GCC_C_LANGUAGE_STANDARD = gnu11;
				GCC_NO_COMMON_BLOCKS = YES;
				GCC_WARN_64_TO_32_BIT_CONVERSION = YES;
				GCC_WARN_ABOUT_RETURN_TYPE = YES_ERROR;
				GCC_WARN_UNDECLARED_SELECTOR = YES;
				GCC_WARN_UNINITIALIZED_AUTOS = YES_AGGRESSIVE;
				GCC_WARN_UNUSED_FUNCTION = YES;
				GCC_WARN_UNUSED_VARIABLE = YES;
				IPHONEOS_DEPLOYMENT_TARGET = 14.5;
				MTL_ENABLE_DEBUG_INFO = NO;
				MTL_FAST_MATH = YES;
				SDKROOT = iphoneos;
				SWIFT_COMPILATION_MODE = wholemodule;
				SWIFT_OPTIMIZATION_LEVEL = "-O";
				VALIDATE_PRODUCT = YES;
			};
			name = Release;
		};
		B8428C4E268C1A7E006FEE12 /* Debug */ = {
			isa = XCBuildConfiguration;
			baseConfigurationReference = 07A99E97136252EC5D53B441 /* Pods-PlatziTweets.debug.xcconfig */;
			buildSettings = {
				ASSETCATALOG_COMPILER_APPICON_NAME = AppIcon;
				ASSETCATALOG_COMPILER_GLOBAL_ACCENT_COLOR_NAME = AccentColor;
				CODE_SIGN_STYLE = Automatic;
				DEVELOPMENT_TEAM = 4Z28ZMXBNW;
				INFOPLIST_FILE = PlatziTweets/Info.plist;
				IPHONEOS_DEPLOYMENT_TARGET = 10.2;
				LD_RUNPATH_SEARCH_PATHS = (
					"$(inherited)",
					"@executable_path/Frameworks",
				);
				PRODUCT_BUNDLE_IDENTIFIER = temporal.PlatziTweets;
				PRODUCT_NAME = "$(TARGET_NAME)";
				SWIFT_VERSION = 5.0;
				TARGETED_DEVICE_FAMILY = 1;
			};
			name = Debug;
		};
		B8428C4F268C1A7E006FEE12 /* Release */ = {
			isa = XCBuildConfiguration;
			baseConfigurationReference = 50067B6CAD79E75CEEFFBAB2 /* Pods-PlatziTweets.release.xcconfig */;
			buildSettings = {
				ASSETCATALOG_COMPILER_APPICON_NAME = AppIcon;
				ASSETCATALOG_COMPILER_GLOBAL_ACCENT_COLOR_NAME = AccentColor;
				CODE_SIGN_STYLE = Automatic;
				DEVELOPMENT_TEAM = 4Z28ZMXBNW;
				INFOPLIST_FILE = PlatziTweets/Info.plist;
				IPHONEOS_DEPLOYMENT_TARGET = 10.2;
				LD_RUNPATH_SEARCH_PATHS = (
					"$(inherited)",
					"@executable_path/Frameworks",
				);
				PRODUCT_BUNDLE_IDENTIFIER = temporal.PlatziTweets;
				PRODUCT_NAME = "$(TARGET_NAME)";
				SWIFT_VERSION = 5.0;
				TARGETED_DEVICE_FAMILY = 1;
			};
			name = Release;
		};
/* End XCBuildConfiguration section */

/* Begin XCConfigurationList section */
		B8428C34268C1A7C006FEE12 /* Build configuration list for PBXProject "PlatziTweets" */ = {
			isa = XCConfigurationList;
			buildConfigurations = (
				B8428C4B268C1A7E006FEE12 /* Debug */,
				B8428C4C268C1A7E006FEE12 /* Release */,
			);
			defaultConfigurationIsVisible = 0;
			defaultConfigurationName = Release;
		};
		B8428C4D268C1A7E006FEE12 /* Build configuration list for PBXNativeTarget "PlatziTweets" */ = {
			isa = XCConfigurationList;
			buildConfigurations = (
				B8428C4E268C1A7E006FEE12 /* Debug */,
				B8428C4F268C1A7E006FEE12 /* Release */,
			);
			defaultConfigurationIsVisible = 0;
			defaultConfigurationName = Release;
		};
/* End XCConfigurationList section */
	};
	rootObject = B8428C31268C1A7C006FEE12 /* Project object */;
}
